
Microsoft Visual Studio Solution File, Format Version 12.00
# Visual Studio 15
VisualStudioVersion = 15.0.28307.106
MinimumVisualStudioVersion = 10.0.40219.1
Project("{FAE04EC0-301F-11D3-BF4B-00C04F79EFBC}") = "TgHttpPinger", "TgHttpPinger\TgHttpPinger.csproj", "{27FF9DF4-556A-421F-862F-865F3E1C40E6}"
EndProject
Project("{FAE04EC0-301F-11D3-BF4B-00C04F79EFBC}") = "TgHttpPingerTests", "TgHttpPingerTests\TgHttpPingerTests.csproj", "{A22176D2-EEA2-47D1-BAB2-34F6EE39A7CF}"
EndProject
Global
	GlobalSection(SolutionConfigurationPlatforms) = preSolution
		Debug|Any CPU = Debug|Any CPU
		Release|Any CPU = Release|Any CPU
	EndGlobalSection
	GlobalSection(ProjectConfigurationPlatforms) = postSolution
		{27FF9DF4-556A-421F-862F-865F3E1C40E6}.Debug|Any CPU.ActiveCfg = Debug|Any CPU
		{27FF9DF4-556A-421F-862F-865F3E1C40E6}.Debug|Any CPU.Build.0 = Debug|Any CPU
		{27FF9DF4-556A-421F-862F-865F3E1C40E6}.Release|Any CPU.ActiveCfg = Release|Any CPU
		{27FF9DF4-556A-421F-862F-865F3E1C40E6}.Release|Any CPU.Build.0 = Release|Any CPU
		{A22176D2-EEA2-47D1-BAB2-34F6EE39A7CF}.Debug|Any CPU.ActiveCfg = Debug|Any CPU
		{A22176D2-EEA2-47D1-BAB2-34F6EE39A7CF}.Debug|Any CPU.Build.0 = Debug|Any CPU
		{A22176D2-EEA2-47D1-BAB2-34F6EE39A7CF}.Release|Any CPU.ActiveCfg = Release|Any CPU
		{A22176D2-EEA2-47D1-BAB2-34F6EE39A7CF}.Release|Any CPU.Build.0 = Release|Any CPU
	EndGlobalSection
	GlobalSection(SolutionProperties) = preSolution
		HideSolutionNode = FALSE
	EndGlobalSection
	GlobalSection(ExtensibilityGlobals) = postSolution
		SolutionGuid = {ACCED4B5-E084-4797-9F19-8DDA0D037CA2}
	EndGlobalSection
EndGlobal
